
Microsoft Visual Studio Solution File, Format Version 12.00
# Visual Studio Version 17
VisualStudioVersion = 17.8.34408.163
MinimumVisualStudioVersion = 10.0.40219.1
Project("{FAE04EC0-301F-11D3-BF4B-00C04F79EFBC}") = "1 darbas - Pažintis su C#", "1 darbas - Pažintis su C#\1 darbas - Pažintis su C#.csproj", "{89001576-616A-4D2B-80B8-0CF33CFFC3B9}"
EndProject
Global
	GlobalSection(SolutionConfigurationPlatforms) = preSolution
		Debug|Any CPU = Debug|Any CPU
		Release|Any CPU = Release|Any CPU
	EndGlobalSection
	GlobalSection(ProjectConfigurationPlatforms) = postSolution
		{89001576-616A-4D2B-80B8-0CF33CFFC3B9}.Debug|Any CPU.ActiveCfg = Debug|Any CPU
		{89001576-616A-4D2B-80B8-0CF33CFFC3B9}.Debug|Any CPU.Build.0 = Debug|Any CPU
		{89001576-616A-4D2B-80B8-0CF33CFFC3B9}.Release|Any CPU.ActiveCfg = Release|Any CPU
		{89001576-616A-4D2B-80B8-0CF33CFFC3B9}.Release|Any CPU.Build.0 = Release|Any CPU
	EndGlobalSection
	GlobalSection(SolutionProperties) = preSolution
		HideSolutionNode = FALSE
	EndGlobalSection
	GlobalSection(ExtensibilityGlobals) = postSolution
		SolutionGuid = {1035BA25-DBC2-48F2-BAFB-A177B59AA500}
	EndGlobalSection
EndGlobal
