
Microsoft Visual Studio Solution File, Format Version 12.00
# Visual Studio Version 17
VisualStudioVersion = 17.3.32825.248
MinimumVisualStudioVersion = 10.0.40219.1
Project("{FAE04EC0-301F-11D3-BF4B-00C04F79EFBC}") = "WinFormsApp6", "WinFormsApp6\WinFormsApp6.csproj", "{FD3594DD-3986-4188-9F18-32CA4FFD60A1}"
EndProject
Global
	GlobalSection(SolutionConfigurationPlatforms) = preSolution
		Debug|Any CPU = Debug|Any CPU
		Release|Any CPU = Release|Any CPU
	EndGlobalSection
	GlobalSection(ProjectConfigurationPlatforms) = postSolution
		{FD3594DD-3986-4188-9F18-32CA4FFD60A1}.Debug|Any CPU.ActiveCfg = Debug|Any CPU
		{FD3594DD-3986-4188-9F18-32CA4FFD60A1}.Debug|Any CPU.Build.0 = Debug|Any CPU
		{FD3594DD-3986-4188-9F18-32CA4FFD60A1}.Release|Any CPU.ActiveCfg = Release|Any CPU
		{FD3594DD-3986-4188-9F18-32CA4FFD60A1}.Release|Any CPU.Build.0 = Release|Any CPU
	EndGlobalSection
	GlobalSection(SolutionProperties) = preSolution
		HideSolutionNode = FALSE
	EndGlobalSection
	GlobalSection(ExtensibilityGlobals) = postSolution
		SolutionGuid = {6145302F-ECD9-4A0A-B44D-2949229FD5F5}
	EndGlobalSection
EndGlobal
